
Microsoft Visual Studio Solution File, Format Version 12.00
# Visual Studio 15
Project("{FAE04EC0-301F-11D3-BF4B-00C04F79EFBC}") = "Assembly-CSharp", "Assembly-CSharp.csproj", "{CD792C03-9C0B-AAD3-5462-4FA4776E9FDF}"
EndProject
Project("{FAE04EC0-301F-11D3-BF4B-00C04F79EFBC}") = "RoadArchitect", "RoadArchitect.csproj", "{BE7BDCF7-BB9D-00A5-E6FC-FE11EBD4CE33}"
EndProject
Global
	GlobalSection(SolutionConfigurationPlatforms) = preSolution
		Debug|Any CPU = Debug|Any CPU
		Release|Any CPU = Release|Any CPU
	EndGlobalSection
	GlobalSection(ProjectConfigurationPlatforms) = postSolution
		{CD792C03-9C0B-AAD3-5462-4FA4776E9FDF}.Debug|Any CPU.ActiveCfg = Debug|Any CPU
		{CD792C03-9C0B-AAD3-5462-4FA4776E9FDF}.Debug|Any CPU.Build.0 = Debug|Any CPU
		{CD792C03-9C0B-AAD3-5462-4FA4776E9FDF}.Release|Any CPU.ActiveCfg = Release|Any CPU
		{CD792C03-9C0B-AAD3-5462-4FA4776E9FDF}.Release|Any CPU.Build.0 = Release|Any CPU
		{BE7BDCF7-BB9D-00A5-E6FC-FE11EBD4CE33}.Debug|Any CPU.ActiveCfg = Debug|Any CPU
		{BE7BDCF7-BB9D-00A5-E6FC-FE11EBD4CE33}.Debug|Any CPU.Build.0 = Debug|Any CPU
		{BE7BDCF7-BB9D-00A5-E6FC-FE11EBD4CE33}.Release|Any CPU.ActiveCfg = Release|Any CPU
		{BE7BDCF7-BB9D-00A5-E6FC-FE11EBD4CE33}.Release|Any CPU.Build.0 = Release|Any CPU
	EndGlobalSection
	GlobalSection(SolutionProperties) = preSolution
		HideSolutionNode = FALSE
	EndGlobalSection
EndGlobal
